{
  "version": 4,
  "terraform_version": "1.8.1",
  "serial": 5,
  "lineage": "746e7122-3c82-0216-2e2a-cdba6c980565",
  "outputs": {},
  "resources": [
    {
      "mode": "managed",
      "type": "yandex_compute_instance",
      "name": "terraform-vm",
      "provider": "provider[\"registry.terraform.io/yandex-cloud/yandex\"]",
      "instances": [
        {
          "schema_version": 1,
          "attributes": {
            "allow_recreate": null,
            "allow_stopping_for_update": null,
            "boot_disk": [
              {
                "auto_delete": true,
                "device_name": "fhmbupkhed2d38l1buer",
                "disk_id": "fhmbupkhed2d38l1buer",
                "initialize_params": [
                  {
                    "block_size": 4096,
                    "description": "",
                    "image_id": "fd8oom38rdtlp4qrv61l",
                    "name": "",
                    "size": 10,
                    "snapshot_id": "",
                    "type": "network-hdd"
                  }
                ],
                "mode": "READ_WRITE"
              }
            ],
            "created_at": "2024-04-24T14:58:16Z",
            "description": "",
            "filesystem": [],
            "folder_id": "b1g7i1ahrh2lvqf17o4t",
            "fqdn": "fhmbek275r0de6sn2c5t.auto.internal",
            "gpu_cluster_id": "",
            "hostname": "",
            "id": "fhmbek275r0de6sn2c5t",
            "labels": null,
            "local_disk": [],
            "maintenance_grace_period": "",
            "maintenance_policy": null,
            "metadata": {
              "ssh-keys": "vadim:ssh-rsa AAAAB3NzaC1yc2EAAAADAQABAAABgQDGQyDbW3+0ym5+SFQYpD6DRUCFVUx8+aTajsLc42++QPcdTot1UjVufy1Yt4Wv/iSgklzfia3R2U/jSPhL1MWpma05kPGbDNsgyC472dVHUiZaKnhEnJgjywUFZXcyhsqZK3zax2AHXWugo2CJhbutcevM/1dTr174Wi4w6XP2ZrTytSAGra0Gw4GknafSxjPRHVLlTX/dbKXCEHnzEuNGFR5SipkTX8+Va/zixr043Fcf3dCdBTi1xFb39ie+dzs/I/YAlBHEEzmg3NdL348RN0ycDyKP1Ekc4vmmSmBs2jOf79cwt89DqxWVFhmldVmcpipUcqLMOOqwsHe3k32hMWkCFMIq8Dh9TmvU9mDm33yXep/Mf6JRUVnHWX74uQ9bwBJrNatf4cNFGro+ETKnynfPswaQY8igsNJFFX4a7aeriDsDzKeGUSC/8Yt31zhYxnLn/2ZHMvB3m9Y021t7q2T6bcnNR2nkLjnCcFoPw54WihsW1oD6BmOH0LfBAXM= vadim@vadim\n"
            },
            "metadata_options": [
              {
                "aws_v1_http_endpoint": 1,
                "aws_v1_http_token": 2,
                "gce_http_endpoint": 1,
                "gce_http_token": 1
              }
            ],
            "name": "terraform-vm",
            "network_acceleration_type": "standard",
            "network_interface": [
              {
                "dns_record": [],
                "index": 0,
                "ip_address": "10.2.0.16",
                "ipv4": true,
                "ipv6": false,
                "ipv6_address": "",
                "ipv6_dns_record": [],
                "mac_address": "d0:0d:b7:50:47:2e",
                "nat": false,
                "nat_dns_record": [],
                "nat_ip_address": "",
                "nat_ip_version": "",
                "security_group_ids": [],
                "subnet_id": "e9b9kkh5fal1dg29t8v3"
              }
            ],
            "placement_policy": [
              {
                "host_affinity_rules": [],
                "placement_group_id": "",
                "placement_group_partition": 0
              }
            ],
            "platform_id": "standard-v1",
            "resources": [
              {
                "core_fraction": 100,
                "cores": 2,
                "gpus": 0,
                "memory": 4
              }
            ],
            "scheduling_policy": [
              {
                "preemptible": false
              }
            ],
            "secondary_disk": [],
            "service_account_id": "",
            "status": "running",
            "timeouts": null,
            "zone": "ru-central1-a"
          },
          "sensitive_attributes": [],
          "private": "eyJlMmJmYjczMC1lY2FhLTExZTYtOGY4OC0zNDM2M2JjN2M0YzAiOnsiY3JlYXRlIjozMDAwMDAwMDAwMDAsImRlbGV0ZSI6MzAwMDAwMDAwMDAwLCJ1cGRhdGUiOjMwMDAwMDAwMDAwMH0sInNjaGVtYV92ZXJzaW9uIjoiMSJ9",
          "dependencies": [
            "yandex_vpc_network.terraform-network",
            "yandex_vpc_subnet.terraform-network-subnet"
          ]
        }
      ]
    },
    {
      "mode": "managed",
      "type": "yandex_vpc_network",
      "name": "terraform-network",
      "provider": "provider[\"registry.terraform.io/yandex-cloud/yandex\"]",
      "instances": [
        {
          "schema_version": 0,
          "attributes": {
            "created_at": "2024-04-24T14:03:26Z",
            "default_security_group_id": "enplm5s6tkv5hlllae88",
            "description": "",
            "folder_id": "b1g7i1ahrh2lvqf17o4t",
            "id": "enp5sr1r0mpsp2glrrvq",
            "labels": {},
            "name": "vadim-network",
            "subnet_ids": [
              "e9b9kkh5fal1dg29t8v3"
            ],
            "timeouts": null
          },
          "sensitive_attributes": [],
          "private": "eyJlMmJmYjczMC1lY2FhLTExZTYtOGY4OC0zNDM2M2JjN2M0YzAiOnsiY3JlYXRlIjo2MDAwMDAwMDAwMCwiZGVsZXRlIjo2MDAwMDAwMDAwMCwidXBkYXRlIjo2MDAwMDAwMDAwMH19"
        }
      ]
    },
    {
      "mode": "managed",
      "type": "yandex_vpc_subnet",
      "name": "terraform-network-subnet",
      "provider": "provider[\"registry.terraform.io/yandex-cloud/yandex\"]",
      "instances": [
        {
          "schema_version": 0,
          "attributes": {
            "created_at": "2024-04-24T14:24:14Z",
            "description": "",
            "dhcp_options": [],
            "folder_id": "b1g7i1ahrh2lvqf17o4t",
            "id": "e9b9kkh5fal1dg29t8v3",
            "labels": {},
            "name": "",
            "network_id": "enp5sr1r0mpsp2glrrvq",
            "route_table_id": "",
            "timeouts": null,
            "v4_cidr_blocks": [
              "10.2.0.0/16"
            ],
            "v6_cidr_blocks": [],
            "zone": "ru-central1-a"
          },
          "sensitive_attributes": [],
          "private": "eyJlMmJmYjczMC1lY2FhLTExZTYtOGY4OC0zNDM2M2JjN2M0YzAiOnsiY3JlYXRlIjoxODAwMDAwMDAwMDAsImRlbGV0ZSI6MTgwMDAwMDAwMDAwLCJ1cGRhdGUiOjE4MDAwMDAwMDAwMH19",
          "dependencies": [
            "yandex_vpc_network.terraform-network"
          ]
        }
      ]
    }
  ],
  "check_results": null
}
