{
  "version": 4,
  "terraform_version": "1.8.1",
  "serial": 3,
  "lineage": "746e7122-3c82-0216-2e2a-cdba6c980565",
  "outputs": {},
  "resources": [
    {
      "mode": "managed",
      "type": "yandex_vpc_network",
      "name": "terraform-network",
      "provider": "provider[\"registry.terraform.io/yandex-cloud/yandex\"]",
      "instances": [
        {
          "schema_version": 0,
          "attributes": {
            "created_at": "2024-04-24T14:03:26Z",
            "default_security_group_id": "enplm5s6tkv5hlllae88",
            "description": "",
            "folder_id": "b1g7i1ahrh2lvqf17o4t",
            "id": "enp5sr1r0mpsp2glrrvq",
            "labels": {},
            "name": "vadim-network",
            "subnet_ids": [],
            "timeouts": null
          },
          "sensitive_attributes": [],
          "private": "eyJlMmJmYjczMC1lY2FhLTExZTYtOGY4OC0zNDM2M2JjN2M0YzAiOnsiY3JlYXRlIjo2MDAwMDAwMDAwMCwiZGVsZXRlIjo2MDAwMDAwMDAwMCwidXBkYXRlIjo2MDAwMDAwMDAwMH19"
        }
      ]
    },
    {
      "mode": "managed",
      "type": "yandex_vpc_subnet",
      "name": "terraform-network-subnet",
      "provider": "provider[\"registry.terraform.io/yandex-cloud/yandex\"]",
      "instances": [
        {
          "schema_version": 0,
          "attributes": {
            "created_at": "2024-04-24T14:24:14Z",
            "description": "",
            "dhcp_options": [],
            "folder_id": "b1g7i1ahrh2lvqf17o4t",
            "id": "e9b9kkh5fal1dg29t8v3",
            "labels": {},
            "name": "",
            "network_id": "enp5sr1r0mpsp2glrrvq",
            "route_table_id": "",
            "timeouts": null,
            "v4_cidr_blocks": [
              "10.2.0.0/16"
            ],
            "v6_cidr_blocks": [],
            "zone": "ru-central1-a"
          },
          "sensitive_attributes": [],
          "private": "eyJlMmJmYjczMC1lY2FhLTExZTYtOGY4OC0zNDM2M2JjN2M0YzAiOnsiY3JlYXRlIjoxODAwMDAwMDAwMDAsImRlbGV0ZSI6MTgwMDAwMDAwMDAwLCJ1cGRhdGUiOjE4MDAwMDAwMDAwMH19",
          "dependencies": [
            "yandex_vpc_network.terraform-network"
          ]
        }
      ]
    }
  ],
  "check_results": null
}
