{
  "version": 4,
  "terraform_version": "1.8.1",
  "serial": 26,
  "lineage": "746e7122-3c82-0216-2e2a-cdba6c980565",
  "outputs": {
    "external-ip": {
      "value": "158.160.122.96",
      "type": "string"
    }
  },
  "resources": [
    {
      "mode": "managed",
      "type": "yandex_compute_instance",
      "name": "terraform-vm",
      "provider": "provider[\"registry.terraform.io/yandex-cloud/yandex\"]",
      "instances": [
        {
          "schema_version": 1,
          "attributes": {
            "allow_recreate": null,
            "allow_stopping_for_update": null,
            "boot_disk": [
              {
                "auto_delete": true,
                "device_name": "fhmu2g9mhcpoognendpg",
                "disk_id": "fhmu2g9mhcpoognendpg",
                "initialize_params": [
                  {
                    "block_size": 4096,
                    "description": "",
                    "image_id": "fd8oom38rdtlp4qrv61l",
                    "name": "",
                    "size": 10,
                    "snapshot_id": "",
                    "type": "network-hdd"
                  }
                ],
                "mode": "READ_WRITE"
              }
            ],
            "created_at": "2024-04-24T16:09:49Z",
            "description": "",
            "filesystem": [],
            "folder_id": "b1g7i1ahrh2lvqf17o4t",
            "fqdn": "fhmhf4md4e5ram490md1.auto.internal",
            "gpu_cluster_id": "",
            "hostname": "",
            "id": "fhmhf4md4e5ram490md1",
            "labels": {},
            "local_disk": [],
            "maintenance_grace_period": "",
            "maintenance_policy": null,
            "metadata": {
              "user-data": "#cloud-config\nusers:\n  - name: vadim\n    groups: sudo\n    shell: /bin/bash\n    sudo: 'ALL=(ALL) NOPASSWD:ALL'\n    ssh-authorized-keys:\n      - ssh-rsa AAAAB3NzaC1yc2EAAAADAQABAAABgQDGQyDbW3+0ym5+SFQYpD6DRUCFVUx8+aTajsLc42++QPcdTot1UjVufy1Yt4Wv/iSgklzfia3R2U/jSPhL1MWpma05kPGbDNsgyC472dVHUiZaKnhEnJgjywUFZXcyhsqZK3zax2AHXWugo2CJhbutcevM/1dTr174Wi4w6XP2ZrTytSAGra0Gw4GknafSxjPRHVLlTX/dbKXCEHnzEuNGFR5SipkTX8+Va/zixr043Fcf3dCdBTi1xFb39ie+dzs/I/YAlBHEEzmg3NdL348RN0ycDyKP1Ekc4vmmSmBs2jOf79cwt89DqxWVFhmldVmcpipUcqLMOOqwsHe3k32hMWkCFMIq8Dh9TmvU9mDm33yXep/Mf6JRUVnHWX74uQ9bwBJrNatf4cNFGro+ETKnynfPswaQY8igsNJFFX4a7aeriDsDzKeGUSC/8Yt31zhYxnLn/2ZHMvB3m9Y021t7q2T6bcnNR2nkLjnCcFoPw54WihsW1oD6BmOH0LfBAXM= vadim@vadim"
            },
            "metadata_options": [
              {
                "aws_v1_http_endpoint": 1,
                "aws_v1_http_token": 2,
                "gce_http_endpoint": 1,
                "gce_http_token": 1
              }
            ],
            "name": "terraform-vm",
            "network_acceleration_type": "standard",
            "network_interface": [
              {
                "dns_record": [],
                "index": 0,
                "ip_address": "10.2.0.20",
                "ipv4": true,
                "ipv6": false,
                "ipv6_address": "",
                "ipv6_dns_record": [],
                "mac_address": "d0:0d:11:79:2c:d2",
                "nat": true,
                "nat_dns_record": [],
                "nat_ip_address": "158.160.122.96",
                "nat_ip_version": "IPV4",
                "security_group_ids": [],
                "subnet_id": "e9b9kkh5fal1dg29t8v3"
              }
            ],
            "placement_policy": [
              {
                "host_affinity_rules": [],
                "placement_group_id": "",
                "placement_group_partition": 0
              }
            ],
            "platform_id": "standard-v1",
            "resources": [
              {
                "core_fraction": 100,
                "cores": 2,
                "gpus": 0,
                "memory": 4
              }
            ],
            "scheduling_policy": [
              {
                "preemptible": false
              }
            ],
            "secondary_disk": [],
            "service_account_id": "",
            "status": "running",
            "timeouts": null,
            "zone": "ru-central1-a"
          },
          "sensitive_attributes": [],
          "private": "eyJlMmJmYjczMC1lY2FhLTExZTYtOGY4OC0zNDM2M2JjN2M0YzAiOnsiY3JlYXRlIjozMDAwMDAwMDAwMDAsImRlbGV0ZSI6MzAwMDAwMDAwMDAwLCJ1cGRhdGUiOjMwMDAwMDAwMDAwMH0sInNjaGVtYV92ZXJzaW9uIjoiMSJ9",
          "dependencies": [
            "yandex_vpc_address.permanent-address",
            "yandex_vpc_network.terraform-network",
            "yandex_vpc_subnet.terraform-network-subnet"
          ]
        }
      ]
    },
    {
      "mode": "managed",
      "type": "yandex_vpc_address",
      "name": "permanent-address",
      "provider": "provider[\"registry.terraform.io/yandex-cloud/yandex\"]",
      "instances": [
        {
          "schema_version": 0,
          "attributes": {
            "created_at": "2024-04-24T15:43:47Z",
            "deletion_protection": false,
            "description": "",
            "dns_record": [],
            "external_ipv4_address": [
              {
                "address": "158.160.122.96",
                "ddos_protection_provider": "",
                "outgoing_smtp_capability": "",
                "zone_id": "ru-central1-a"
              }
            ],
            "folder_id": "b1g7i1ahrh2lvqf17o4t",
            "id": "e9b7jd52buc26j22ogus",
            "labels": {},
            "name": "permanent-address",
            "reserved": true,
            "timeouts": null,
            "used": true
          },
          "sensitive_attributes": [],
          "private": "eyJlMmJmYjczMC1lY2FhLTExZTYtOGY4OC0zNDM2M2JjN2M0YzAiOnsiY3JlYXRlIjozMDAwMDAwMDAwMCwiZGVsZXRlIjozMDAwMDAwMDAwMCwidXBkYXRlIjozMDAwMDAwMDAwMH19"
        }
      ]
    },
    {
      "mode": "managed",
      "type": "yandex_vpc_network",
      "name": "terraform-network",
      "provider": "provider[\"registry.terraform.io/yandex-cloud/yandex\"]",
      "instances": [
        {
          "schema_version": 0,
          "attributes": {
            "created_at": "2024-04-24T14:03:26Z",
            "default_security_group_id": "enplm5s6tkv5hlllae88",
            "description": "",
            "folder_id": "b1g7i1ahrh2lvqf17o4t",
            "id": "enp5sr1r0mpsp2glrrvq",
            "labels": {},
            "name": "vadim-network",
            "subnet_ids": [
              "e9b9kkh5fal1dg29t8v3"
            ],
            "timeouts": null
          },
          "sensitive_attributes": [],
          "private": "eyJlMmJmYjczMC1lY2FhLTExZTYtOGY4OC0zNDM2M2JjN2M0YzAiOnsiY3JlYXRlIjo2MDAwMDAwMDAwMCwiZGVsZXRlIjo2MDAwMDAwMDAwMCwidXBkYXRlIjo2MDAwMDAwMDAwMH19"
        }
      ]
    },
    {
      "mode": "managed",
      "type": "yandex_vpc_security_group",
      "name": "group1",
      "provider": "provider[\"registry.terraform.io/yandex-cloud/yandex\"]",
      "instances": [
        {
          "schema_version": 0,
          "attributes": {
            "created_at": "2024-04-24T16:34:10Z",
            "description": "description for my security group",
            "egress": [
              {
                "description": "rule2 description",
                "from_port": 0,
                "id": "enp45vd7u76km0usmvd6",
                "labels": {},
                "port": -1,
                "predefined_target": "",
                "protocol": "ANY",
                "security_group_id": "",
                "to_port": 65535,
                "v4_cidr_blocks": [
                  "0.0.0.0/0"
                ],
                "v6_cidr_blocks": []
              }
            ],
            "folder_id": "b1g7i1ahrh2lvqf17o4t",
            "id": "enpq518amopdrc2sc8h8",
            "ingress": [
              {
                "description": "rule1 description",
                "from_port": -1,
                "id": "enp1esocq0pbm1rrgnoe",
                "labels": {},
                "port": 443,
                "predefined_target": "",
                "protocol": "TCP",
                "security_group_id": "",
                "to_port": -1,
                "v4_cidr_blocks": [
                  "0.0.0.0/0"
                ],
                "v6_cidr_blocks": []
              },
              {
                "description": "rule1 description",
                "from_port": -1,
                "id": "enppg476pp2choh8r612",
                "labels": {},
                "port": 80,
                "predefined_target": "",
                "protocol": "TCP",
                "security_group_id": "",
                "to_port": -1,
                "v4_cidr_blocks": [
                  "0.0.0.0/0"
                ],
                "v6_cidr_blocks": []
              }
            ],
            "labels": {
              "my-label": "my-label-value"
            },
            "name": "My security group",
            "network_id": "enp5sr1r0mpsp2glrrvq",
            "status": "ACTIVE",
            "timeouts": null
          },
          "sensitive_attributes": [],
          "private": "eyJlMmJmYjczMC1lY2FhLTExZTYtOGY4OC0zNDM2M2JjN2M0YzAiOnsiY3JlYXRlIjoxODAwMDAwMDAwMDAsImRlbGV0ZSI6MTgwMDAwMDAwMDAwLCJ1cGRhdGUiOjE4MDAwMDAwMDAwMH19",
          "dependencies": [
            "yandex_vpc_network.terraform-network"
          ]
        }
      ]
    },
    {
      "mode": "managed",
      "type": "yandex_vpc_subnet",
      "name": "terraform-network-subnet",
      "provider": "provider[\"registry.terraform.io/yandex-cloud/yandex\"]",
      "instances": [
        {
          "schema_version": 0,
          "attributes": {
            "created_at": "2024-04-24T14:24:14Z",
            "description": "",
            "dhcp_options": [],
            "folder_id": "b1g7i1ahrh2lvqf17o4t",
            "id": "e9b9kkh5fal1dg29t8v3",
            "labels": {},
            "name": "",
            "network_id": "enp5sr1r0mpsp2glrrvq",
            "route_table_id": "",
            "timeouts": null,
            "v4_cidr_blocks": [
              "10.2.0.0/16"
            ],
            "v6_cidr_blocks": [],
            "zone": "ru-central1-a"
          },
          "sensitive_attributes": [],
          "private": "eyJlMmJmYjczMC1lY2FhLTExZTYtOGY4OC0zNDM2M2JjN2M0YzAiOnsiY3JlYXRlIjoxODAwMDAwMDAwMDAsImRlbGV0ZSI6MTgwMDAwMDAwMDAwLCJ1cGRhdGUiOjE4MDAwMDAwMDAwMH19",
          "dependencies": [
            "yandex_vpc_network.terraform-network"
          ]
        }
      ]
    }
  ],
  "check_results": null
}
